
Microsoft Visual Studio Solution File, Format Version 12.00
# Visual Studio Version 16
VisualStudioVersion = 16.0.30104.148
MinimumVisualStudioVersion = 10.0.40219.1
Project("{FAE04EC0-301F-11D3-BF4B-00C04F79EFBC}") = "Diseño", "Diseño\Diseño.csproj", "{02C62CD2-D3A1-4984-AC3A-9852F3CF2CFF}"
EndProject
Project("{FAE04EC0-301F-11D3-BF4B-00C04F79EFBC}") = "Services", "Services\Services.csproj", "{B355ABB1-171E-40D4-B461-0D07D6692920}"
EndProject
Global
	GlobalSection(SolutionConfigurationPlatforms) = preSolution
		Debug|Any CPU = Debug|Any CPU
		Release|Any CPU = Release|Any CPU
	EndGlobalSection
	GlobalSection(ProjectConfigurationPlatforms) = postSolution
		{02C62CD2-D3A1-4984-AC3A-9852F3CF2CFF}.Debug|Any CPU.ActiveCfg = Debug|Any CPU
		{02C62CD2-D3A1-4984-AC3A-9852F3CF2CFF}.Debug|Any CPU.Build.0 = Debug|Any CPU
		{02C62CD2-D3A1-4984-AC3A-9852F3CF2CFF}.Release|Any CPU.ActiveCfg = Release|Any CPU
		{02C62CD2-D3A1-4984-AC3A-9852F3CF2CFF}.Release|Any CPU.Build.0 = Release|Any CPU
		{B355ABB1-171E-40D4-B461-0D07D6692920}.Debug|Any CPU.ActiveCfg = Debug|Any CPU
		{B355ABB1-171E-40D4-B461-0D07D6692920}.Debug|Any CPU.Build.0 = Debug|Any CPU
		{B355ABB1-171E-40D4-B461-0D07D6692920}.Release|Any CPU.ActiveCfg = Release|Any CPU
		{B355ABB1-171E-40D4-B461-0D07D6692920}.Release|Any CPU.Build.0 = Release|Any CPU
	EndGlobalSection
	GlobalSection(SolutionProperties) = preSolution
		HideSolutionNode = FALSE
	EndGlobalSection
	GlobalSection(ExtensibilityGlobals) = postSolution
		SolutionGuid = {AB43E925-547E-434F-85D5-A8FC90E1607A}
	EndGlobalSection
EndGlobal
